<?xml version="1.0" encoding="utf-8"?>
<Project ToolsVersion="4.0" xmlns="http://schemas.microsoft.com/developer/msbuild/2003">
  <ItemGroup>
    <Image Include="Assets\Logo.png">
      <Filter>UWP</Filter>
    </Image>
    <Image Include="Assets\SmallLogo.png">
      <Filter>UWP</Filter>
    </Image>
    <Image Include="Assets\StoreLogo.png">
      <Filter>UWP</Filter>
    </Image>
    <Filter Include="Old">
      <UniqueIdentifier>{271cec89-5e1f-4377-b741-7ee42db3037e}</UniqueIdentifier>
    </Filter>
    <Filter Include="Game">
      <UniqueIdentifier>{5dedf76b-6263-45ee-a94d-75d47e724751}</UniqueIdentifier>
    </Filter>
    <Filter Include="Game\Resources">
      <UniqueIdentifier>{690fee08-1735-46fd-ac60-50dd901ddafc}</UniqueIdentifier>
    </Filter>
    <Filter Include="Game\Shaders">
      <UniqueIdentifier>{d764843c-3859-42b9-8c90-3883b7baac76}</UniqueIdentifier>
    </Filter>
    <Filter Include="Game\Source">
      <UniqueIdentifier>{9ef275b0-9e01-43ab-8ed4-bfceeaf6c458}</UniqueIdentifier>
    </Filter>
    <Filter Include="Platform Source">
      <UniqueIdentifier>{797ad5e4-5ced-45c1-a317-1d4028112774}</UniqueIdentifier>
    </Filter>
    <Filter Include="UWP">
      <UniqueIdentifier>0231c883-4b58-4f5b-8174-8adc32b27604</UniqueIdentifier>
    </Filter>
    <Image Include="Assets\StoreLogo.png" />
    <Image Include="Assets\StoreLogo.png" />
    <Image Include="Assets\StoreLogo.png" />
    <Image Include="Assets\StoreLogo.png" />
    <Image Include="Assets\StoreLogo.png" />
  </ItemGroup>
  <ItemGroup>
    <ClCompile Include="..\Game\WorldObject.cpp">
      <Filter>Game\Source</Filter>
    </ClCompile>
    <ClCompile Include="..\Game\TreeModelGenerator.cpp">
      <Filter>Game\Source</Filter>
    </ClCompile>
    <ClCompile Include="..\Game\TreeModel.cpp">
      <Filter>Game\Source</Filter>
    </ClCompile>
    <ClCompile Include="..\Game\Tree.cpp">
      <Filter>Game\Source</Filter>
    </ClCompile>
    <ClCompile Include="..\Game\Stdafx.cpp">
      <Filter>Game\Source</Filter>
    </ClCompile>
    <ClCompile Include="..\Game\ShadowMap.cpp">
      <Filter>Game\Source</Filter>
    </ClCompile>
    <ClCompile Include="..\Game\SceneRoot.cpp">
      <Filter>Game\Source</Filter>
    </ClCompile>
    <ClCompile Include="..\Game\Primitive.cpp">
      <Filter>Game\Source</Filter>
    </ClCompile>
    <ClCompile Include="..\Game\MathHelper.cpp">
      <Filter>Game\Source</Filter>
    </ClCompile>
    <ClCompile Include="..\Game\Materials.cpp">
      <Filter>Game\Source</Filter>
    </ClCompile>
    <ClCompile Include="..\Game\GeometryGenerator.cpp">
      <Filter>Game\Source</Filter>
    </ClCompile>
    <ClCompile Include="..\Game\Game.cpp">
      <Filter>Game\Source</Filter>
    </ClCompile>
    <ClCompile Include="..\Game\DDSTextureLoader.cpp">
      <Filter>Game\Source</Filter>
    </ClCompile>
    <ClCompile Include="..\Game\BitmapFont.cpp">
      <Filter>Game\Source</Filter>
    </ClCompile>
    <ClCompile Include="..\Game\LSystemModelGenerator.cpp">
      <Filter>Game\Source</Filter>
    </ClCompile>
    <ClCompile Include="..\Game\OrbitCamera.cpp">
      <Filter>Game\Source</Filter>
    </ClCompile>
    <ClCompile Include="..\Game\GameLoader.cpp">
      <Filter>Game\Source</Filter>
    </ClCompile>
    <ClCompile Include="..\Game\RenderManager.cpp">
      <Filter>Game\Source</Filter>
    </ClCompile>
    <ClCompile Include="..\Game\Graph.cpp">
      <Filter>Game\Source</Filter>
    </ClCompile>
    <ClCompile Include="..\Game\BitmapFont12.cpp">
      <Filter>Game\Source</Filter>
    </ClCompile>
    <ClCompile Include="..\Game\D3D11Platform.cpp">
      <Filter>Game\Source</Filter>
    </ClCompile>
    <ClCompile Include="..\Game\DDSTextureLoader12.cpp">
      <Filter>Game\Source</Filter>
    </ClCompile>
    <ClCompile Include="..\Game\ScreenGrab12.cpp">
      <Filter>Game\Source</Filter>
    </ClCompile>
    <ClCompile Include="..\Game\Player.cpp">
      <Filter>Game\Source</Filter>
    </ClCompile>
    <ClCompile Include="pch.cpp">
      <Filter>Platform Source</Filter>
    </ClCompile>
    <ClCompile Include="TreePC.cpp">
      <Filter>Platform Source</Filter>
    </ClCompile>
    <ClCompile Include="..\Game\RenderPlatform.cpp">
      <Filter>Game\Source</Filter>
    </ClCompile>
  </ItemGroup>
  <ItemGroup>
    <ClInclude Include="BasicTimer.h">
      <Filter>Old</Filter>
    </ClInclude>
    <ClInclude Include="DirectXHelper.h">
      <Filter>Old</Filter>
    </ClInclude>
    <ClInclude Include="..\Game\WorldObject.h">
      <Filter>Game\Source</Filter>
    </ClInclude>
    <ClInclude Include="..\Game\TreeModelGenerator.h">
      <Filter>Game\Source</Filter>
    </ClInclude>
    <ClInclude Include="..\Game\TreeModel.h">
      <Filter>Game\Source</Filter>
    </ClInclude>
    <ClInclude Include="..\Game\Tree.h">
      <Filter>Game\Source</Filter>
    </ClInclude>
    <ClInclude Include="..\Game\StepTimer.h">
      <Filter>Game\Source</Filter>
    </ClInclude>
    <ClInclude Include="..\Game\stdafx.h">
      <Filter>Game\Source</Filter>
    </ClInclude>
    <ClInclude Include="..\Game\ShadowMap.h">
      <Filter>Game\Source</Filter>
    </ClInclude>
    <ClInclude Include="..\Game\SceneRoot.h">
      <Filter>Game\Source</Filter>
    </ClInclude>
    <ClInclude Include="..\Game\Resource.h">
      <Filter>Game\Source</Filter>
    </ClInclude>
    <ClInclude Include="..\Game\RenderData.h">
      <Filter>Game\Source</Filter>
    </ClInclude>
    <ClInclude Include="..\Game\Primitive.h">
      <Filter>Game\Source</Filter>
    </ClInclude>
    <ClInclude Include="..\Game\Model.h">
      <Filter>Game\Source</Filter>
    </ClInclude>
    <ClInclude Include="..\Game\MathHelper.h">
      <Filter>Game\Source</Filter>
    </ClInclude>
    <ClInclude Include="..\Game\Materials.h">
      <Filter>Game\Source</Filter>
    </ClInclude>
    <ClInclude Include="..\Game\GeometryGenerator.h">
      <Filter>Game\Source</Filter>
    </ClInclude>
    <ClInclude Include="..\Game\Game.h">
      <Filter>Game\Source</Filter>
    </ClInclude>
    <ClInclude Include="..\Game\DXMath.h">
      <Filter>Game\Source</Filter>
    </ClInclude>
    <ClInclude Include="..\Game\DDSTextureLoader.h">
      <Filter>Game\Source</Filter>
    </ClInclude>
    <ClInclude Include="..\Game\CComPtr.h">
      <Filter>Game\Source</Filter>
    </ClInclude>
    <ClInclude Include="..\Game\BitmapFont.h">
      <Filter>Game\Source</Filter>
    </ClInclude>
    <ClInclude Include="..\Game\LSystemModelGenerator.h">
      <Filter>Game\Source</Filter>
    </ClInclude>
    <ClInclude Include="..\Game\OrbitCamera.h">
      <Filter>Game\Source</Filter>
    </ClInclude>
    <ClInclude Include="..\Game\GameLoader.h">
      <Filter>Game\Source</Filter>
    </ClInclude>
    <ClInclude Include="..\Game\RenderManager.h">
      <Filter>Game\Source</Filter>
    </ClInclude>
    <ClInclude Include="..\Game\BitmapFont12.h">
      <Filter>Game\Source</Filter>
    </ClInclude>
    <ClInclude Include="..\Game\RenderPlatform.h">
      <Filter>Game\Source</Filter>
    </ClInclude>
    <ClInclude Include="..\Game\D3D11Platform.h">
      <Filter>Game\Source</Filter>
    </ClInclude>
    <ClInclude Include="..\Game\DDSTextureLoader12.h">
      <Filter>Game\Source</Filter>
    </ClInclude>
    <ClInclude Include="..\Game\GpuResource.h">
      <Filter>Game\Source</Filter>
    </ClInclude>
    <ClInclude Include="..\Game\ScreenGrab12.h">
      <Filter>Game\Source</Filter>
    </ClInclude>
    <ClInclude Include="Lib\DirectXTex.h">
      <Filter>Game\Source</Filter>
    </ClInclude>
    <ClInclude Include="..\Game\Player.h">
      <Filter>Game\Source</Filter>
    </ClInclude>
    <ClInclude Include="pch.h">
      <Filter>Platform Source</Filter>
    </ClInclude>
    <ClInclude Include="TreePC.h">
      <Filter>Platform Source</Filter>
    </ClInclude>
    <ClInclude Include="..\Game\UploadBuffer.h">
      <Filter>Game\Source</Filter>
    </ClInclude>
  </ItemGroup>
  <ItemGroup>
    <None Include="..\Game\Courier_New_11.abc">
      <Filter>Game\Resources</Filter>
    </None>
    <None Include="..\Game\Courier_New_11.tga">
      <Filter>Game\Resources</Filter>
    </None>
    <None Include="..\Game\Arial_16.tga">
      <Filter>Game\Resources</Filter>
    </None>
    <None Include="..\Game\Shaders\commonshader.bat">
      <Filter>Game\Shaders</Filter>
    </None>
    <None Include="..\Game\Shaders\buildShaders.bat">
      <Filter>Game\Shaders</Filter>
    </None>
    <None Include="..\Game\Arial_16.abc">
      <Filter>Game\Resources</Filter>
    </None>
    <None Include="..\Game\CopyResources.cmd">
      <Filter>Game\Resources</Filter>
    </None>
    <None Include="TreePC_TemporaryKey.pfx">
      <Filter>UWP</Filter>
    </None>
    <None Include="packages.config" />
  </ItemGroup>
  <ItemGroup>
    <Image Include="..\Game\bark2.dds">
      <Filter>Game\Resources</Filter>
    </Image>
    <Image Include="..\Game\snow.dds">
      <Filter>Game\Resources</Filter>
    </Image>
    <Image Include="Assets\StoreLogo.png" />
    <Image Include="..\Game\Bark_0005_diffuse.DDS">
      <Filter>Game\Resources</Filter>
    </Image>
    <Image Include="Assets\SplashScreen.scale-200.png">
      <Filter>UWP</Filter>
    </Image>
    <Image Include="Assets\Square44x44Logo.scale-200.png">
      <Filter>UWP</Filter>
    </Image>
    <Image Include="Assets\Square150x150Logo.scale-200.png">
      <Filter>UWP</Filter>
    </Image>
    <Image Include="Assets\Square44x44Logo.targetsize-24_altform-unplated.png">
      <Filter>UWP</Filter>
    </Image>
    <Image Include="Assets\LockScreenLogo.scale-200.png">
      <Filter>UWP</Filter>
    </Image>
    <Image Include="Assets\Wide310x150Logo.scale-200.png">
      <Filter>UWP</Filter>
    </Image>
    <Image Include="Assets\StoreLogo.png" />
    <Image Include="Assets\StoreLogo.png" />
    <Image Include="Assets\StoreLogo.png" />
    <Image Include="Assets\StoreLogo.png" />
    <Image Include="Assets\StoreLogo.png" />
    <Image Include="Assets\StoreLogo.png" />
    <Image Include="Assets\StoreLogo.png" />
    <Image Include="Assets\StoreLogo.png" />
    <Image Include="Assets\StoreLogo.png" />
    <Image Include="Assets\StoreLogo.png" />
    <Image Include="Assets\StoreLogo.png" />
    <Image Include="Assets\StoreLogo.png" />
    <Image Include="Assets\StoreLogo.png" />
    <Image Include="Assets\StoreLogo.png" />
    <Image Include="Assets\StoreLogo.png" />
    <Image Include="Assets\StoreLogo.png" />
    <Image Include="Assets\StoreLogo.png" />
    <Image Include="Assets\StoreLogo.png" />
    <Image Include="Assets\StoreLogo.png" />
    <Image Include="Assets\StoreLogo.png" />
    <Image Include="Assets\StoreLogo.png" />
    <Image Include="Assets\StoreLogo.png" />
    <Image Include="Assets\StoreLogo.png" />
    <Image Include="Assets\StoreLogo.png" />
    <Image Include="Assets\StoreLogo.png" />
    <Image Include="Assets\StoreLogo.png" />
    <Image Include="Assets\StoreLogo.png" />
    <Image Include="Assets\StoreLogo.png" />
    <Image Include="Assets\StoreLogo.png" />
  </ItemGroup>
  <ItemGroup>
    <Text Include="..\Game\Shaders\ShaderFiles.txt">
      <Filter>Game\Shaders</Filter>
    </Text>
  </ItemGroup>
  <ItemGroup>
    <CustomBuild Include="..\Game\Shaders\Tree.hlsl">
      <Filter>Game\Shaders</Filter>
    </CustomBuild>
    <CustomBuild Include="..\Game\Shaders\ATGFont.hlsl">
      <Filter>Game\Shaders</Filter>
    </CustomBuild>
  </ItemGroup>
  <ItemGroup>
    <AppxManifest Include="Package.appxmanifest">
      <Filter>UWP</Filter>
    </AppxManifest>
  </ItemGroup>
</Project>