
Microsoft Visual Studio Solution File, Format Version 12.00
# Visual Studio 14
VisualStudioVersion = 14.0.23107.0
MinimumVisualStudioVersion = 10.0.40219.1
Project("{8BC9CEB8-8B4A-11D0-8D11-00A0C91BC942}") = "TreeXBox", "Tree2012\Tree2012.vcxproj", "{492A8733-A8A0-420B-A0FA-FC72732B1001}"
EndProject
Project("{8BC9CEB8-8B4A-11D0-8D11-00A0C91BC942}") = "TreePC", "TreePC\TreePC.vcxproj", "{9B22E637-C613-479F-BEC8-59215E96EEFB}"
EndProject
Project("{8BC9CEB8-8B4A-11D0-8D11-00A0C91BC942}") = "TreeClassic", "TreeClassic\TreeClassic.vcxproj", "{FF5EA045-3150-4374-83C0-17C9C97F30F2}"
	ProjectSection(ProjectDependencies) = postProject
		{58431921-70B6-4938-822E-8652A4CF8F28} = {58431921-70B6-4938-822E-8652A4CF8F28}
	EndProjectSection
EndProject
Project("{8BC9CEB8-8B4A-11D0-8D11-00A0C91BC942}") = "TreeWin32Lib", "TreeWin32Lib\TreeWin32Lib.vcxproj", "{58431921-70B6-4938-822E-8652A4CF8F28}"
EndProject
Project("{8BC9CEB8-8B4A-11D0-8D11-00A0C91BC942}") = "TreeWin32Dll", "TreeWin32Dll\TreeWin32Dll.vcxproj", "{7A02BC24-F711-407B-8123-C3B41787915E}"
EndProject
Global
	GlobalSection(Performance) = preSolution
		HasPerformanceSessions = true
	EndGlobalSection
	GlobalSection(SolutionConfigurationPlatforms) = preSolution
		Debug|ARM = Debug|ARM
		Debug|Durango = Debug|Durango
		Debug|Mixed Platforms = Debug|Mixed Platforms
		Debug|Win32 = Debug|Win32
		Debug|x64 = Debug|x64
		Profile|ARM = Profile|ARM
		Profile|Durango = Profile|Durango
		Profile|Mixed Platforms = Profile|Mixed Platforms
		Profile|Win32 = Profile|Win32
		Profile|x64 = Profile|x64
		Release|ARM = Release|ARM
		Release|Durango = Release|Durango
		Release|Mixed Platforms = Release|Mixed Platforms
		Release|Win32 = Release|Win32
		Release|x64 = Release|x64
	EndGlobalSection
	GlobalSection(ProjectConfigurationPlatforms) = postSolution
		{492A8733-A8A0-420B-A0FA-FC72732B1001}.Debug|ARM.ActiveCfg = Debug|Durango
		{492A8733-A8A0-420B-A0FA-FC72732B1001}.Debug|Durango.ActiveCfg = Debug|Durango
		{492A8733-A8A0-420B-A0FA-FC72732B1001}.Debug|Durango.Build.0 = Debug|Durango
		{492A8733-A8A0-420B-A0FA-FC72732B1001}.Debug|Durango.Deploy.0 = Debug|Durango
		{492A8733-A8A0-420B-A0FA-FC72732B1001}.Debug|Mixed Platforms.ActiveCfg = Debug|Durango
		{492A8733-A8A0-420B-A0FA-FC72732B1001}.Debug|Mixed Platforms.Build.0 = Debug|Durango
		{492A8733-A8A0-420B-A0FA-FC72732B1001}.Debug|Mixed Platforms.Deploy.0 = Debug|Durango
		{492A8733-A8A0-420B-A0FA-FC72732B1001}.Debug|Win32.ActiveCfg = Debug|Durango
		{492A8733-A8A0-420B-A0FA-FC72732B1001}.Debug|x64.ActiveCfg = Debug|Durango
		{492A8733-A8A0-420B-A0FA-FC72732B1001}.Profile|ARM.ActiveCfg = Profile|Durango
		{492A8733-A8A0-420B-A0FA-FC72732B1001}.Profile|Durango.ActiveCfg = Profile|Durango
		{492A8733-A8A0-420B-A0FA-FC72732B1001}.Profile|Durango.Build.0 = Profile|Durango
		{492A8733-A8A0-420B-A0FA-FC72732B1001}.Profile|Durango.Deploy.0 = Profile|Durango
		{492A8733-A8A0-420B-A0FA-FC72732B1001}.Profile|Mixed Platforms.ActiveCfg = Profile|Durango
		{492A8733-A8A0-420B-A0FA-FC72732B1001}.Profile|Mixed Platforms.Build.0 = Profile|Durango
		{492A8733-A8A0-420B-A0FA-FC72732B1001}.Profile|Mixed Platforms.Deploy.0 = Profile|Durango
		{492A8733-A8A0-420B-A0FA-FC72732B1001}.Profile|Win32.ActiveCfg = Profile|Durango
		{492A8733-A8A0-420B-A0FA-FC72732B1001}.Profile|x64.ActiveCfg = Profile|Durango
		{492A8733-A8A0-420B-A0FA-FC72732B1001}.Release|ARM.ActiveCfg = Release|Durango
		{492A8733-A8A0-420B-A0FA-FC72732B1001}.Release|Durango.ActiveCfg = Release|Durango
		{492A8733-A8A0-420B-A0FA-FC72732B1001}.Release|Durango.Build.0 = Release|Durango
		{492A8733-A8A0-420B-A0FA-FC72732B1001}.Release|Durango.Deploy.0 = Release|Durango
		{492A8733-A8A0-420B-A0FA-FC72732B1001}.Release|Mixed Platforms.ActiveCfg = Release|Durango
		{492A8733-A8A0-420B-A0FA-FC72732B1001}.Release|Mixed Platforms.Build.0 = Release|Durango
		{492A8733-A8A0-420B-A0FA-FC72732B1001}.Release|Mixed Platforms.Deploy.0 = Release|Durango
		{492A8733-A8A0-420B-A0FA-FC72732B1001}.Release|Win32.ActiveCfg = Release|Durango
		{492A8733-A8A0-420B-A0FA-FC72732B1001}.Release|x64.ActiveCfg = Release|Durango
		{9B22E637-C613-479F-BEC8-59215E96EEFB}.Debug|ARM.ActiveCfg = Debug|ARM
		{9B22E637-C613-479F-BEC8-59215E96EEFB}.Debug|ARM.Build.0 = Debug|ARM
		{9B22E637-C613-479F-BEC8-59215E96EEFB}.Debug|ARM.Deploy.0 = Debug|ARM
		{9B22E637-C613-479F-BEC8-59215E96EEFB}.Debug|Durango.ActiveCfg = Debug|Win32
		{9B22E637-C613-479F-BEC8-59215E96EEFB}.Debug|Mixed Platforms.ActiveCfg = Debug|Win32
		{9B22E637-C613-479F-BEC8-59215E96EEFB}.Debug|Mixed Platforms.Build.0 = Debug|Win32
		{9B22E637-C613-479F-BEC8-59215E96EEFB}.Debug|Mixed Platforms.Deploy.0 = Debug|Win32
		{9B22E637-C613-479F-BEC8-59215E96EEFB}.Debug|Win32.ActiveCfg = Debug|Win32
		{9B22E637-C613-479F-BEC8-59215E96EEFB}.Debug|Win32.Build.0 = Debug|Win32
		{9B22E637-C613-479F-BEC8-59215E96EEFB}.Debug|Win32.Deploy.0 = Debug|Win32
		{9B22E637-C613-479F-BEC8-59215E96EEFB}.Debug|x64.ActiveCfg = Debug|x64
		{9B22E637-C613-479F-BEC8-59215E96EEFB}.Debug|x64.Build.0 = Debug|x64
		{9B22E637-C613-479F-BEC8-59215E96EEFB}.Debug|x64.Deploy.0 = Debug|x64
		{9B22E637-C613-479F-BEC8-59215E96EEFB}.Profile|ARM.ActiveCfg = Release|ARM
		{9B22E637-C613-479F-BEC8-59215E96EEFB}.Profile|ARM.Build.0 = Release|ARM
		{9B22E637-C613-479F-BEC8-59215E96EEFB}.Profile|ARM.Deploy.0 = Release|ARM
		{9B22E637-C613-479F-BEC8-59215E96EEFB}.Profile|Durango.ActiveCfg = Release|Win32
		{9B22E637-C613-479F-BEC8-59215E96EEFB}.Profile|Mixed Platforms.ActiveCfg = Release|Win32
		{9B22E637-C613-479F-BEC8-59215E96EEFB}.Profile|Mixed Platforms.Build.0 = Release|Win32
		{9B22E637-C613-479F-BEC8-59215E96EEFB}.Profile|Mixed Platforms.Deploy.0 = Release|Win32
		{9B22E637-C613-479F-BEC8-59215E96EEFB}.Profile|Win32.ActiveCfg = Release|Win32
		{9B22E637-C613-479F-BEC8-59215E96EEFB}.Profile|Win32.Build.0 = Release|Win32
		{9B22E637-C613-479F-BEC8-59215E96EEFB}.Profile|Win32.Deploy.0 = Release|Win32
		{9B22E637-C613-479F-BEC8-59215E96EEFB}.Profile|x64.ActiveCfg = Release|x64
		{9B22E637-C613-479F-BEC8-59215E96EEFB}.Profile|x64.Build.0 = Release|x64
		{9B22E637-C613-479F-BEC8-59215E96EEFB}.Profile|x64.Deploy.0 = Release|x64
		{9B22E637-C613-479F-BEC8-59215E96EEFB}.Release|ARM.ActiveCfg = Release|ARM
		{9B22E637-C613-479F-BEC8-59215E96EEFB}.Release|ARM.Build.0 = Release|ARM
		{9B22E637-C613-479F-BEC8-59215E96EEFB}.Release|ARM.Deploy.0 = Release|ARM
		{9B22E637-C613-479F-BEC8-59215E96EEFB}.Release|Durango.ActiveCfg = Release|Win32
		{9B22E637-C613-479F-BEC8-59215E96EEFB}.Release|Mixed Platforms.ActiveCfg = Release|Win32
		{9B22E637-C613-479F-BEC8-59215E96EEFB}.Release|Mixed Platforms.Build.0 = Release|Win32
		{9B22E637-C613-479F-BEC8-59215E96EEFB}.Release|Mixed Platforms.Deploy.0 = Release|Win32
		{9B22E637-C613-479F-BEC8-59215E96EEFB}.Release|Win32.ActiveCfg = Release|Win32
		{9B22E637-C613-479F-BEC8-59215E96EEFB}.Release|Win32.Build.0 = Release|Win32
		{9B22E637-C613-479F-BEC8-59215E96EEFB}.Release|Win32.Deploy.0 = Release|Win32
		{9B22E637-C613-479F-BEC8-59215E96EEFB}.Release|x64.ActiveCfg = Release|x64
		{9B22E637-C613-479F-BEC8-59215E96EEFB}.Release|x64.Build.0 = Release|x64
		{9B22E637-C613-479F-BEC8-59215E96EEFB}.Release|x64.Deploy.0 = Release|x64
		{FF5EA045-3150-4374-83C0-17C9C97F30F2}.Debug|ARM.ActiveCfg = Debug|Win32
		{FF5EA045-3150-4374-83C0-17C9C97F30F2}.Debug|Durango.ActiveCfg = Debug|Win32
		{FF5EA045-3150-4374-83C0-17C9C97F30F2}.Debug|Mixed Platforms.ActiveCfg = Debug|Win32
		{FF5EA045-3150-4374-83C0-17C9C97F30F2}.Debug|Mixed Platforms.Build.0 = Debug|Win32
		{FF5EA045-3150-4374-83C0-17C9C97F30F2}.Debug|Win32.ActiveCfg = Debug|Win32
		{FF5EA045-3150-4374-83C0-17C9C97F30F2}.Debug|Win32.Build.0 = Debug|Win32
		{FF5EA045-3150-4374-83C0-17C9C97F30F2}.Debug|x64.ActiveCfg = Debug|Win32
		{FF5EA045-3150-4374-83C0-17C9C97F30F2}.Profile|ARM.ActiveCfg = Release|Win32
		{FF5EA045-3150-4374-83C0-17C9C97F30F2}.Profile|Durango.ActiveCfg = Release|Win32
		{FF5EA045-3150-4374-83C0-17C9C97F30F2}.Profile|Mixed Platforms.ActiveCfg = Release|Win32
		{FF5EA045-3150-4374-83C0-17C9C97F30F2}.Profile|Mixed Platforms.Build.0 = Release|Win32
		{FF5EA045-3150-4374-83C0-17C9C97F30F2}.Profile|Win32.ActiveCfg = Release|Win32
		{FF5EA045-3150-4374-83C0-17C9C97F30F2}.Profile|Win32.Build.0 = Release|Win32
		{FF5EA045-3150-4374-83C0-17C9C97F30F2}.Profile|x64.ActiveCfg = Release|Win32
		{FF5EA045-3150-4374-83C0-17C9C97F30F2}.Release|ARM.ActiveCfg = Release|Win32
		{FF5EA045-3150-4374-83C0-17C9C97F30F2}.Release|Durango.ActiveCfg = Release|Win32
		{FF5EA045-3150-4374-83C0-17C9C97F30F2}.Release|Mixed Platforms.ActiveCfg = Release|Win32
		{FF5EA045-3150-4374-83C0-17C9C97F30F2}.Release|Mixed Platforms.Build.0 = Release|Win32
		{FF5EA045-3150-4374-83C0-17C9C97F30F2}.Release|Win32.ActiveCfg = Release|Win32
		{FF5EA045-3150-4374-83C0-17C9C97F30F2}.Release|Win32.Build.0 = Release|Win32
		{FF5EA045-3150-4374-83C0-17C9C97F30F2}.Release|x64.ActiveCfg = Release|Win32
		{58431921-70B6-4938-822E-8652A4CF8F28}.Debug|ARM.ActiveCfg = Debug|Win32
		{58431921-70B6-4938-822E-8652A4CF8F28}.Debug|Durango.ActiveCfg = Debug|Win32
		{58431921-70B6-4938-822E-8652A4CF8F28}.Debug|Mixed Platforms.ActiveCfg = Debug|Win32
		{58431921-70B6-4938-822E-8652A4CF8F28}.Debug|Mixed Platforms.Build.0 = Debug|Win32
		{58431921-70B6-4938-822E-8652A4CF8F28}.Debug|Win32.ActiveCfg = Debug|Win32
		{58431921-70B6-4938-822E-8652A4CF8F28}.Debug|Win32.Build.0 = Debug|Win32
		{58431921-70B6-4938-822E-8652A4CF8F28}.Debug|x64.ActiveCfg = Debug|x64
		{58431921-70B6-4938-822E-8652A4CF8F28}.Debug|x64.Build.0 = Debug|x64
		{58431921-70B6-4938-822E-8652A4CF8F28}.Profile|ARM.ActiveCfg = Release|x64
		{58431921-70B6-4938-822E-8652A4CF8F28}.Profile|ARM.Build.0 = Release|x64
		{58431921-70B6-4938-822E-8652A4CF8F28}.Profile|Durango.ActiveCfg = Release|x64
		{58431921-70B6-4938-822E-8652A4CF8F28}.Profile|Durango.Build.0 = Release|x64
		{58431921-70B6-4938-822E-8652A4CF8F28}.Profile|Mixed Platforms.ActiveCfg = Release|Win32
		{58431921-70B6-4938-822E-8652A4CF8F28}.Profile|Mixed Platforms.Build.0 = Release|Win32
		{58431921-70B6-4938-822E-8652A4CF8F28}.Profile|Win32.ActiveCfg = Release|Win32
		{58431921-70B6-4938-822E-8652A4CF8F28}.Profile|Win32.Build.0 = Release|Win32
		{58431921-70B6-4938-822E-8652A4CF8F28}.Profile|x64.ActiveCfg = Release|x64
		{58431921-70B6-4938-822E-8652A4CF8F28}.Profile|x64.Build.0 = Release|x64
		{58431921-70B6-4938-822E-8652A4CF8F28}.Release|ARM.ActiveCfg = Release|Win32
		{58431921-70B6-4938-822E-8652A4CF8F28}.Release|Durango.ActiveCfg = Release|Win32
		{58431921-70B6-4938-822E-8652A4CF8F28}.Release|Mixed Platforms.ActiveCfg = Release|Win32
		{58431921-70B6-4938-822E-8652A4CF8F28}.Release|Mixed Platforms.Build.0 = Release|Win32
		{58431921-70B6-4938-822E-8652A4CF8F28}.Release|Win32.ActiveCfg = Release|Win32
		{58431921-70B6-4938-822E-8652A4CF8F28}.Release|Win32.Build.0 = Release|Win32
		{58431921-70B6-4938-822E-8652A4CF8F28}.Release|x64.ActiveCfg = Release|x64
		{58431921-70B6-4938-822E-8652A4CF8F28}.Release|x64.Build.0 = Release|x64
		{7A02BC24-F711-407B-8123-C3B41787915E}.Debug|ARM.ActiveCfg = Debug|Win32
		{7A02BC24-F711-407B-8123-C3B41787915E}.Debug|Durango.ActiveCfg = Debug|Win32
		{7A02BC24-F711-407B-8123-C3B41787915E}.Debug|Mixed Platforms.ActiveCfg = Debug|Win32
		{7A02BC24-F711-407B-8123-C3B41787915E}.Debug|Mixed Platforms.Build.0 = Debug|Win32
		{7A02BC24-F711-407B-8123-C3B41787915E}.Debug|Win32.ActiveCfg = Debug|Win32
		{7A02BC24-F711-407B-8123-C3B41787915E}.Debug|Win32.Build.0 = Debug|Win32
		{7A02BC24-F711-407B-8123-C3B41787915E}.Debug|x64.ActiveCfg = Debug|x64
		{7A02BC24-F711-407B-8123-C3B41787915E}.Debug|x64.Build.0 = Debug|x64
		{7A02BC24-F711-407B-8123-C3B41787915E}.Profile|ARM.ActiveCfg = Release|x64
		{7A02BC24-F711-407B-8123-C3B41787915E}.Profile|ARM.Build.0 = Release|x64
		{7A02BC24-F711-407B-8123-C3B41787915E}.Profile|Durango.ActiveCfg = Release|x64
		{7A02BC24-F711-407B-8123-C3B41787915E}.Profile|Durango.Build.0 = Release|x64
		{7A02BC24-F711-407B-8123-C3B41787915E}.Profile|Mixed Platforms.ActiveCfg = Release|Win32
		{7A02BC24-F711-407B-8123-C3B41787915E}.Profile|Mixed Platforms.Build.0 = Release|Win32
		{7A02BC24-F711-407B-8123-C3B41787915E}.Profile|Win32.ActiveCfg = Release|Win32
		{7A02BC24-F711-407B-8123-C3B41787915E}.Profile|Win32.Build.0 = Release|Win32
		{7A02BC24-F711-407B-8123-C3B41787915E}.Profile|x64.ActiveCfg = Release|x64
		{7A02BC24-F711-407B-8123-C3B41787915E}.Profile|x64.Build.0 = Release|x64
		{7A02BC24-F711-407B-8123-C3B41787915E}.Release|ARM.ActiveCfg = Release|Win32
		{7A02BC24-F711-407B-8123-C3B41787915E}.Release|Durango.ActiveCfg = Release|Win32
		{7A02BC24-F711-407B-8123-C3B41787915E}.Release|Mixed Platforms.ActiveCfg = Release|Win32
		{7A02BC24-F711-407B-8123-C3B41787915E}.Release|Mixed Platforms.Build.0 = Release|Win32
		{7A02BC24-F711-407B-8123-C3B41787915E}.Release|Win32.ActiveCfg = Release|Win32
		{7A02BC24-F711-407B-8123-C3B41787915E}.Release|Win32.Build.0 = Release|Win32
		{7A02BC24-F711-407B-8123-C3B41787915E}.Release|x64.ActiveCfg = Release|x64
		{7A02BC24-F711-407B-8123-C3B41787915E}.Release|x64.Build.0 = Release|x64
	EndGlobalSection
	GlobalSection(SolutionProperties) = preSolution
		HideSolutionNode = FALSE
	EndGlobalSection
EndGlobal
