<?xml version="1.0" encoding="utf-8"?>
<Project ToolsVersion="4.0" xmlns="http://schemas.microsoft.com/developer/msbuild/2003">
  <ItemGroup>
    <Filter Include="Source Files">
      <UniqueIdentifier>{4FC737F1-C7A5-4376-A066-2A32D752A2FF}</UniqueIdentifier>
      <Extensions>cpp;c;cc;cxx;def;odl;idl;hpj;bat;asm;asmx</Extensions>
    </Filter>
    <Filter Include="Resource Files">
      <UniqueIdentifier>{67DA6AB6-F800-4c08-8B7A-83BB121AAD01}</UniqueIdentifier>
      <Extensions>rc;ico;cur;bmp;dlg;rc2;rct;bin;rgs;gif;jpg;jpeg;jpe;resx;tiff;tif;png;wav;mfcribbon-ms</Extensions>
    </Filter>
    <Filter Include="Game">
      <UniqueIdentifier>{225c57fb-d3e6-424d-8c1c-7a05f00c7534}</UniqueIdentifier>
    </Filter>
    <Filter Include="Game\Resources">
      <UniqueIdentifier>{90e90327-bc2a-4067-a081-3b1baa0e17ba}</UniqueIdentifier>
    </Filter>
    <Filter Include="Game\Shaders">
      <UniqueIdentifier>{cb857835-fe63-4e57-9c46-0fef456e2d23}</UniqueIdentifier>
    </Filter>
    <Filter Include="Lib">
      <UniqueIdentifier>{c6a55859-919a-4a29-9a4a-6c2b4989e075}</UniqueIdentifier>
    </Filter>
    <Filter Include="Game\Shaders\Header Files">
      <UniqueIdentifier>{93995380-89BD-4b04-88EB-625FBE52EBFB}</UniqueIdentifier>
      <Extensions>h;hpp;hxx;hm;inl;inc;xsd</Extensions>
    </Filter>
  </ItemGroup>
  <ItemGroup>
    <Text Include="ReadMe.txt" />
    <Text Include="..\Game\Shaders\ShaderFiles.txt">
      <Filter>Game\Shaders</Filter>
    </Text>
    <Text Include="..\Game\graphdata.txt">
      <Filter>Game\Resources</Filter>
    </Text>
  </ItemGroup>
  <ItemGroup>
    <ClInclude Include="targetver.h">
      <Filter>Game\Shaders\Header Files</Filter>
    </ClInclude>
    <ClInclude Include="Resource.h">
      <Filter>Game\Shaders\Header Files</Filter>
    </ClInclude>
    <ClInclude Include="TreeClassic.h">
      <Filter>Game\Shaders\Header Files</Filter>
    </ClInclude>
    <ClInclude Include="pch.h">
      <Filter>Game\Shaders\Header Files</Filter>
    </ClInclude>
  </ItemGroup>
  <ItemGroup>
    <ClCompile Include="TreeClassic.cpp">
      <Filter>Source Files</Filter>
    </ClCompile>
    <ClCompile Include="pch.cpp">
      <Filter>Source Files</Filter>
    </ClCompile>
  </ItemGroup>
  <ItemGroup>
    <ResourceCompile Include="TreeClassic.rc">
      <Filter>Resource Files</Filter>
    </ResourceCompile>
  </ItemGroup>
  <ItemGroup>
    <Image Include="small.ico">
      <Filter>Resource Files</Filter>
    </Image>
    <Image Include="TreeClassic.ico">
      <Filter>Resource Files</Filter>
    </Image>
  </ItemGroup>
  <ItemGroup>
    <None Include="..\Game\Shaders\buildShaders.bat">
      <Filter>Game\Shaders</Filter>
    </None>
    <None Include="..\Game\Shaders\commonshader.bat">
      <Filter>Game\Shaders</Filter>
    </None>
    <None Include="..\Game\CopyResources.cmd">
      <Filter>Game\Resources</Filter>
    </None>
  </ItemGroup>
  <ItemGroup>
    <Library Include="Lib\DirectXTex.lib">
      <Filter>Lib</Filter>
    </Library>
    <Library Include="Lib\LibOVR.lib">
      <Filter>Lib</Filter>
    </Library>
    <Library Include="Lib\LibOVRKernel.lib">
      <Filter>Lib</Filter>
    </Library>
  </ItemGroup>
  <ItemGroup>
    <CustomBuild Include="..\Game\Shaders\ATGFont.hlsl">
      <Filter>Game\Shaders</Filter>
    </CustomBuild>
    <CustomBuild Include="..\Game\Shaders\Tree.hlsl">
      <Filter>Game\Shaders</Filter>
    </CustomBuild>
  </ItemGroup>
</Project>